
Microsoft Visual Studio Solution File, Format Version 12.00
# Visual Studio Version 17
VisualStudioVersion = 17.7.34024.191
MinimumVisualStudioVersion = 10.0.40219.1
Project("{FAE04EC0-301F-11D3-BF4B-00C04F79EFBC}") = "ListProject", "ListProject\ListProject.csproj", "{C75891E3-D2A7-446F-B9AC-45433CB822ED}"
EndProject
Global
	GlobalSection(SolutionConfigurationPlatforms) = preSolution
		Debug|Any CPU = Debug|Any CPU
		Release|Any CPU = Release|Any CPU
	EndGlobalSection
	GlobalSection(ProjectConfigurationPlatforms) = postSolution
		{C75891E3-D2A7-446F-B9AC-45433CB822ED}.Debug|Any CPU.ActiveCfg = Debug|Any CPU
		{C75891E3-D2A7-446F-B9AC-45433CB822ED}.Debug|Any CPU.Build.0 = Debug|Any CPU
		{C75891E3-D2A7-446F-B9AC-45433CB822ED}.Release|Any CPU.ActiveCfg = Release|Any CPU
		{C75891E3-D2A7-446F-B9AC-45433CB822ED}.Release|Any CPU.Build.0 = Release|Any CPU
	EndGlobalSection
	GlobalSection(SolutionProperties) = preSolution
		HideSolutionNode = FALSE
	EndGlobalSection
	GlobalSection(ExtensibilityGlobals) = postSolution
		SolutionGuid = {FA6C9159-41A9-4C8B-8034-C71104503C44}
	EndGlobalSection
EndGlobal
